# THIS IS AN AUTOGENERATED FILE. DO NOT EDIT THIS FILE DIRECTLY.
# yarn lockfile v1


"@47ng/codec@^1.0.1":
  version "1.0.1"
  resolved "https://registry.yarnpkg.com/@47ng/codec/-/codec-1.0.1.tgz#8387b45d6a4859fcfd14809950bc6603925175e1"
  integrity sha512-+PJ7xjyvcvK9K3WL99/0UNUtA1lizE6EEy2MSEFRr2zXNdd/jHe+uIeKr+0g8b4DFtYezKiM4DF8mWy+WWSIHQ==
  dependencies:
    "@stablelib/base64" "^1.0.0"
    "@stablelib/hex" "^1.0.0"

"@stablelib/base64@^1.0.0":
  version "1.0.0"
  resolved "https://registry.yarnpkg.com/@stablelib/base64/-/base64-1.0.0.tgz#e08ba78078c731cbbb244530b1750659c52ba7cb"
  integrity sha512-s/wTc/3+vYSalh4gfayJrupzhT7SDBqNtiYOeEMlkSDqL/8cExh5FAeTzLpmYq+7BLLv36EjBL5xrb0bUHWJWQ==

"@stablelib/hex@^1.0.0":
  version "1.0.0"
  resolved "https://registry.yarnpkg.com/@stablelib/hex/-/hex-1.0.0.tgz#9f2d21d412803e72a3bbc0ab4690e9bda0ca91cf"
  integrity sha512-EJ9oGiuaFw/Y0cBATTxo73sgqOgdnSmZ9ftU9FND9SD51OM8wvAfS78uPy3oBNmLWc/sZK5twMbEFf/A4T2F8A==

"@types/node@^14.14.41":
  version "14.14.41"
  resolved "https://registry.yarnpkg.com/@types/node/-/node-14.14.41.tgz#d0b939d94c1d7bd53d04824af45f1139b8c45615"
  integrity sha512-dueRKfaJL4RTtSa7bWeTK1M+VH+Gns73oCgzvYfHZywRCoPSd8EkXBL0mZ9unPTveBn+D9phZBaxuzpwjWkW0g==
